{
  "name": "chess",
  "lockfileVersion": 3,
  "requires": true,
  "packages": {
    "": {
      "dependencies": {
        "acorn": "^8.16.0",
        "three-bvh-csg": "^0.0.8",
        "three-mesh-bvh": "^0.6.8"
      },
      "devDependencies": {
        "three": "^0.170.0"
      }
    },
    "node_modules/acorn": {
      "version": "8.16.0",
      "resolved": "https://registry.npmjs.org/acorn/-/acorn-8.16.0.tgz",
      "integrity": "sha512-UVJyE9MttOsBQIDKw1skb9nAwQuR5wuGD3+82K6JgJlm/Y+KI92oNsMNGZCYdDsVtRHSak0pcV5Dno5+4jh9sw==",
      "license": "MIT",
      "bin": {
        "acorn": "bin/acorn"
      },
      "engines": {
        "node": ">=0.4.0"
      }
    },
    "node_modules/three": {
      "version": "0.170.0",
      "resolved": "https://registry.npmjs.org/three/-/three-0.170.0.tgz",
      "integrity": "sha512-FQK+LEpYc0fBD+J8g6oSEyyNzjp+Q7Ks1C568WWaoMRLW+TkNNWmenWeGgJjV105Gd+p/2ql1ZcjYvNiPZBhuQ==",
      "license": "MIT"
    },
    "node_modules/three-bvh-csg": {
      "version": "0.0.8",
      "resolved": "https://registry.npmjs.org/three-bvh-csg/-/three-bvh-csg-0.0.8.tgz",
      "integrity": "sha512-c09fHCTSOn82n1Q2Q9rdWL7lVvs6yaMV+APFhSRXTjtNxAjhtyng+pLoLobIPfcTOjGUQyfkqksW5Vd+sa8yRw==",
      "license": "MIT",
      "peerDependencies": {
        "three": ">=0.144.0",
        "three-mesh-bvh": "^0.6.0"
      }
    },
    "node_modules/three-mesh-bvh": {
      "version": "0.6.8",
      "resolved": "https://registry.npmjs.org/three-mesh-bvh/-/three-mesh-bvh-0.6.8.tgz",
      "integrity": "sha512-EGebF9DZx1S8+7OZYNNTT80GXJZVf+UYXD/HyTg/e2kR/ApofIFfUS4ZzIHNnUVIadpnLSzM4n96wX+l7GMbnQ==",
      "license": "MIT",
      "peerDependencies": {
        "three": ">= 0.151.0"
      }
    }
  }
}
